
Microsoft Visual Studio Solution File, Format Version 12.00
# Visual Studio Version 17
VisualStudioVersion = 17.10.34928.147
MinimumVisualStudioVersion = 10.0.40219.1
Project("{FAE04EC0-301F-11D3-BF4B-00C04F79EFBC}") = "basicWeb", "basicWeb.csproj", "{1269DDBE-9211-49D9-85EC-57CF50EEB181}"
EndProject
Global
	GlobalSection(SolutionConfigurationPlatforms) = preSolution
		Debug|Any CPU = Debug|Any CPU
		Release|Any CPU = Release|Any CPU
	EndGlobalSection
	GlobalSection(ProjectConfigurationPlatforms) = postSolution
		{1269DDBE-9211-49D9-85EC-57CF50EEB181}.Debug|Any CPU.ActiveCfg = Debug|Any CPU
		{1269DDBE-9211-49D9-85EC-57CF50EEB181}.Debug|Any CPU.Build.0 = Debug|Any CPU
		{1269DDBE-9211-49D9-85EC-57CF50EEB181}.Release|Any CPU.ActiveCfg = Release|Any CPU
		{1269DDBE-9211-49D9-85EC-57CF50EEB181}.Release|Any CPU.Build.0 = Release|Any CPU
	EndGlobalSection
	GlobalSection(SolutionProperties) = preSolution
		HideSolutionNode = FALSE
	EndGlobalSection
	GlobalSection(ExtensibilityGlobals) = postSolution
		SolutionGuid = {3C0B4080-4B33-4922-853A-F9CF69C3557B}
	EndGlobalSection
EndGlobal
